
Microsoft Visual Studio Solution File, Format Version 12.00
# Visual Studio Version 17
VisualStudioVersion = 17.2.32616.157
MinimumVisualStudioVersion = 10.0.40219.1
Project("{2150E333-8FDC-42A3-9474-1A3956D46DE8}") = "src", "src", "{1E11D641-B0A7-4806-B235-98E87BB09C79}"
EndProject
Project("{2150E333-8FDC-42A3-9474-1A3956D46DE8}") = "test", "test", "{CCEB1780-6A02-46F1-83D6-0854439450E2}"
EndProject
Project("{9A19103F-16F7-4668-BE54-9A1E7A4F7556}") = "DesignPatterns.UnitTests", "test\DesignPatterns.UnitTests\DesignPatterns.UnitTests.csproj", "{D8737BD3-4024-49C6-B24D-68F3018E4F81}"
EndProject
Global
	GlobalSection(SolutionConfigurationPlatforms) = preSolution
		Debug|Any CPU = Debug|Any CPU
		Release|Any CPU = Release|Any CPU
	EndGlobalSection
	GlobalSection(ProjectConfigurationPlatforms) = postSolution
		{D8737BD3-4024-49C6-B24D-68F3018E4F81}.Debug|Any CPU.ActiveCfg = Debug|Any CPU
		{D8737BD3-4024-49C6-B24D-68F3018E4F81}.Debug|Any CPU.Build.0 = Debug|Any CPU
		{D8737BD3-4024-49C6-B24D-68F3018E4F81}.Release|Any CPU.ActiveCfg = Release|Any CPU
		{D8737BD3-4024-49C6-B24D-68F3018E4F81}.Release|Any CPU.Build.0 = Release|Any CPU
	EndGlobalSection
	GlobalSection(SolutionProperties) = preSolution
		HideSolutionNode = FALSE
	EndGlobalSection
	GlobalSection(NestedProjects) = preSolution
		{D8737BD3-4024-49C6-B24D-68F3018E4F81} = {CCEB1780-6A02-46F1-83D6-0854439450E2}
	EndGlobalSection
	GlobalSection(ExtensibilityGlobals) = postSolution
		SolutionGuid = {3A569584-6C93-4DCC-9393-E72AB465E402}
	EndGlobalSection
EndGlobal
